
Microsoft Visual Studio Solution File, Format Version 12.00
# Visual Studio 2013
VisualStudioVersion = 12.0.21005.1
MinimumVisualStudioVersion = 10.0.40219.1
Project("{FAE04EC0-301F-11D3-BF4B-00C04F79EFBC}") = "MSTSC.Manage.BLL", "MSTSC.Manage.BLL\MSTSC.Manage.BLL.csproj", "{BAEDDCB0-E1E7-498A-8417-23E6055E7426}"
EndProject
Project("{FAE04EC0-301F-11D3-BF4B-00C04F79EFBC}") = "MSTSC.Manage.DAL", "MSTSC.Manage.DAL\MSTSC.Manage.DAL.csproj", "{CC7418B9-53D5-46B3-8190-D9B2E847B710}"
EndProject
Project("{FAE04EC0-301F-11D3-BF4B-00C04F79EFBC}") = "MSTSC.Manage.Model", "MSTSC.Manage.Model\MSTSC.Manage.Model.csproj", "{A8FA07D8-F597-4875-B107-EDA6015BEE75}"
EndProject
Project("{FAE04EC0-301F-11D3-BF4B-00C04F79EFBC}") = "MSTSC.Manage.Web", "MSTSC.Manage.Web\MSTSC.Manage.Web.csproj", "{988C9119-D96B-4FE1-84CE-B680137E9B5F}"
EndProject
Project("{FAE04EC0-301F-11D3-BF4B-00C04F79EFBC}") = "MSTSC.Manage.Utils", "MSTSC.Manage.Utils\MSTSC.Manage.Utils.csproj", "{D7832E50-02C2-45A6-A741-E7489B374080}"
EndProject
Global
	GlobalSection(SolutionConfigurationPlatforms) = preSolution
		Debug|Any CPU = Debug|Any CPU
		Release|Any CPU = Release|Any CPU
	EndGlobalSection
	GlobalSection(ProjectConfigurationPlatforms) = postSolution
		{BAEDDCB0-E1E7-498A-8417-23E6055E7426}.Debug|Any CPU.ActiveCfg = Debug|Any CPU
		{BAEDDCB0-E1E7-498A-8417-23E6055E7426}.Debug|Any CPU.Build.0 = Debug|Any CPU
		{BAEDDCB0-E1E7-498A-8417-23E6055E7426}.Release|Any CPU.ActiveCfg = Release|Any CPU
		{BAEDDCB0-E1E7-498A-8417-23E6055E7426}.Release|Any CPU.Build.0 = Release|Any CPU
		{CC7418B9-53D5-46B3-8190-D9B2E847B710}.Debug|Any CPU.ActiveCfg = Debug|Any CPU
		{CC7418B9-53D5-46B3-8190-D9B2E847B710}.Debug|Any CPU.Build.0 = Debug|Any CPU
		{CC7418B9-53D5-46B3-8190-D9B2E847B710}.Release|Any CPU.ActiveCfg = Release|Any CPU
		{CC7418B9-53D5-46B3-8190-D9B2E847B710}.Release|Any CPU.Build.0 = Release|Any CPU
		{A8FA07D8-F597-4875-B107-EDA6015BEE75}.Debug|Any CPU.ActiveCfg = Debug|Any CPU
		{A8FA07D8-F597-4875-B107-EDA6015BEE75}.Debug|Any CPU.Build.0 = Debug|Any CPU
		{A8FA07D8-F597-4875-B107-EDA6015BEE75}.Release|Any CPU.ActiveCfg = Release|Any CPU
		{A8FA07D8-F597-4875-B107-EDA6015BEE75}.Release|Any CPU.Build.0 = Release|Any CPU
		{988C9119-D96B-4FE1-84CE-B680137E9B5F}.Debug|Any CPU.ActiveCfg = Debug|Any CPU
		{988C9119-D96B-4FE1-84CE-B680137E9B5F}.Debug|Any CPU.Build.0 = Debug|Any CPU
		{988C9119-D96B-4FE1-84CE-B680137E9B5F}.Release|Any CPU.ActiveCfg = Release|Any CPU
		{988C9119-D96B-4FE1-84CE-B680137E9B5F}.Release|Any CPU.Build.0 = Release|Any CPU
		{D7832E50-02C2-45A6-A741-E7489B374080}.Debug|Any CPU.ActiveCfg = Debug|Any CPU
		{D7832E50-02C2-45A6-A741-E7489B374080}.Debug|Any CPU.Build.0 = Debug|Any CPU
		{D7832E50-02C2-45A6-A741-E7489B374080}.Release|Any CPU.ActiveCfg = Release|Any CPU
		{D7832E50-02C2-45A6-A741-E7489B374080}.Release|Any CPU.Build.0 = Release|Any CPU
	EndGlobalSection
	GlobalSection(SolutionProperties) = preSolution
		HideSolutionNode = FALSE
	EndGlobalSection
EndGlobal
